// !$*UTF8*$!
{
	archiveVersion = 1;
	classes = {
	};
	objectVersion = 46;
	objects = {

/* Begin PBXBuildFile section */
		0C63A6C609FAF42D0FFAF5A6 /* libPods.a in Frameworks */ = {isa = PBXBuildFile; fileRef = 3EB5CC89DB51EF8FA4ECE0A8 /* libPods.a */; };
		790BE1301CAE5788008E2713 /* ReadDetailHeader.m in Sources */ = {isa = PBXBuildFile; fileRef = 790BE12F1CAE5788008E2713 /* ReadDetailHeader.m */; };
		790E72441CAFFDFC00D014C9 /* RadioHeader.m in Sources */ = {isa = PBXBuildFile; fileRef = 790E72431CAFFDFC00D014C9 /* RadioHeader.m */; };
		790E724D1CB0019D00D014C9 /* RadioCollectionViewCell.m in Sources */ = {isa = PBXBuildFile; fileRef = 790E724B1CB0019D00D014C9 /* RadioCollectionViewCell.m */; };
		790E724E1CB0019D00D014C9 /* RadioCollectionViewCell.xib in Resources */ = {isa = PBXBuildFile; fileRef = 790E724C1CB0019D00D014C9 /* RadioCollectionViewCell.xib */; };
		790E72521CB005AD00D014C9 /* RadioTableViewCell.m in Sources */ = {isa = PBXBuildFile; fileRef = 790E72501CB005AD00D014C9 /* RadioTableViewCell.m */; };
		790E72531CB005AD00D014C9 /* RadioTableViewCell.xib in Resources */ = {isa = PBXBuildFile; fileRef = 790E72511CB005AD00D014C9 /* RadioTableViewCell.xib */; };
		7910D9881CACB735009AB522 /* BaseCollectionViewCell.m in Sources */ = {isa = PBXBuildFile; fileRef = 7910D9871CACB735009AB522 /* BaseCollectionViewCell.m */; };
		791F49041CB0F0F300856FC9 /* RadioDetailListModel.m in Sources */ = {isa = PBXBuildFile; fileRef = 791F49031CB0F0F300856FC9 /* RadioDetailListModel.m */; };
		791F49071CB0F4C800856FC9 /* RadioInfoModel.m in Sources */ = {isa = PBXBuildFile; fileRef = 791F49061CB0F4C800856FC9 /* RadioInfoModel.m */; };
		791F490B1CB10DF100856FC9 /* RadioDetailTableViewCell.m in Sources */ = {isa = PBXBuildFile; fileRef = 791F49091CB10DF100856FC9 /* RadioDetailTableViewCell.m */; };
		791F490C1CB10DF100856FC9 /* RadioDetailTableViewCell.xib in Resources */ = {isa = PBXBuildFile; fileRef = 791F490A1CB10DF100856FC9 /* RadioDetailTableViewCell.xib */; };
		791F49121CB11AE400856FC9 /* UIBarButtonItem+QYExtension.m in Sources */ = {isa = PBXBuildFile; fileRef = 791F49111CB11AE400856FC9 /* UIBarButtonItem+QYExtension.m */; };
		791F49171CB11CFB00856FC9 /* 藏.png in Resources */ = {isa = PBXBuildFile; fileRef = 791F49131CB11CFB00856FC9 /* 藏.png */; };
		791F49181CB11CFB00856FC9 /* 时.png in Resources */ = {isa = PBXBuildFile; fileRef = 791F49141CB11CFB00856FC9 /* 时.png */; };
		791F49191CB11CFB00856FC9 /* 享.png in Resources */ = {isa = PBXBuildFile; fileRef = 791F49151CB11CFB00856FC9 /* 享.png */; };
		791F491A1CB11CFB00856FC9 /* 循.png in Resources */ = {isa = PBXBuildFile; fileRef = 791F49161CB11CFB00856FC9 /* 循.png */; };
		791F4A2C1CB13FEF00856FC9 /* u58.png in Resources */ = {isa = PBXBuildFile; fileRef = 791F4A2B1CB13FEF00856FC9 /* u58.png */; };
		791F4A2F1CB143DD00856FC9 /* RadioDetailHeader.m in Sources */ = {isa = PBXBuildFile; fileRef = 791F4A2E1CB143DD00856FC9 /* RadioDetailHeader.m */; };
		791F4A331CB14FA200856FC9 /* CustomNavigationBar.m in Sources */ = {isa = PBXBuildFile; fileRef = 791F4A321CB14FA200856FC9 /* CustomNavigationBar.m */; };
		791F4A361CB1510F00856FC9 /* BaseNavigtionViewController.m in Sources */ = {isa = PBXBuildFile; fileRef = 791F4A351CB1510F00856FC9 /* BaseNavigtionViewController.m */; };
		794BAD5F1CACB804009C2EE9 /* BaseTableViewCell.m in Sources */ = {isa = PBXBuildFile; fileRef = 794BAD5E1CACB804009C2EE9 /* BaseTableViewCell.m */; };
		794BAD621CACB926009C2EE9 /* FactoryTableViewCell.m in Sources */ = {isa = PBXBuildFile; fileRef = 794BAD611CACB926009C2EE9 /* FactoryTableViewCell.m */; };
		794BAD651CACBBEB009C2EE9 /* FactoryCollectionViewCell.m in Sources */ = {isa = PBXBuildFile; fileRef = 794BAD641CACBBEB009C2EE9 /* FactoryCollectionViewCell.m */; };
		794BAD681CACC0E1009C2EE9 /* ReadListModelCell.m in Sources */ = {isa = PBXBuildFile; fileRef = 794BAD671CACC0E1009C2EE9 /* ReadListModelCell.m */; };
		794BAD6A1CACC15C009C2EE9 /* ReadListModelCell.xib in Resources */ = {isa = PBXBuildFile; fileRef = 794BAD691CACC15C009C2EE9 /* ReadListModelCell.xib */; };
		794BAD6D1CACD18C009C2EE9 /* ReadDetailListModelCell.m in Sources */ = {isa = PBXBuildFile; fileRef = 794BAD6C1CACD18C009C2EE9 /* ReadDetailListModelCell.m */; };
		794BAD6F1CACD1A7009C2EE9 /* ReadDetailListModelCell.xib in Resources */ = {isa = PBXBuildFile; fileRef = 794BAD6E1CACD1A7009C2EE9 /* ReadDetailListModelCell.xib */; };
		794BAD721CACD685009C2EE9 /* ReadDetailModel.m in Sources */ = {isa = PBXBuildFile; fileRef = 794BAD711CACD685009C2EE9 /* ReadDetailModel.m */; };
		794BAD761CAD23EC009C2EE9 /* ReadCollectionHeaderView.m in Sources */ = {isa = PBXBuildFile; fileRef = 794BAD741CAD23EC009C2EE9 /* ReadCollectionHeaderView.m */; };
		794BAD7B1CAD26DC009C2EE9 /* ReadCollectionFootView.m in Sources */ = {isa = PBXBuildFile; fileRef = 794BAD791CAD26DC009C2EE9 /* ReadCollectionFootView.m */; };
		7956C3051CAD4E580013F905 /* 写作.png in Resources */ = {isa = PBXBuildFile; fileRef = 7956C3041CAD4E580013F905 /* 写作.png */; };
		7956C3071CAD52130013F905 /* placeholder.png in Resources */ = {isa = PBXBuildFile; fileRef = 7956C3061CAD52130013F905 /* placeholder.png */; };
		7956C30B1CAD5B2D0013F905 /* TopicTableViewCell.m in Sources */ = {isa = PBXBuildFile; fileRef = 7956C3091CAD5B2D0013F905 /* TopicTableViewCell.m */; };
		7956C30C1CAD5B2D0013F905 /* TopicTableViewCell.xib in Resources */ = {isa = PBXBuildFile; fileRef = 7956C30A1CAD5B2D0013F905 /* TopicTableViewCell.xib */; };
		7956C4FD1CAD71A50013F905 /* TopicHeaderView.m in Sources */ = {isa = PBXBuildFile; fileRef = 7956C4FC1CAD71A50013F905 /* TopicHeaderView.m */; };
		79626C251CAB5FA30097FCA9 /* menu.png in Resources */ = {isa = PBXBuildFile; fileRef = 79626C241CAB5FA30097FCA9 /* menu.png */; };
		79626C291CAB7EF10097FCA9 /* ProductListModel.m in Sources */ = {isa = PBXBuildFile; fileRef = 79626C281CAB7EF10097FCA9 /* ProductListModel.m */; };
		79626D0F1CABAEF90097FCA9 /* TopicListModel.m in Sources */ = {isa = PBXBuildFile; fileRef = 79626D0E1CABAEF90097FCA9 /* TopicListModel.m */; };
		79626D121CABB06D0097FCA9 /* TopicCounterListModel.m in Sources */ = {isa = PBXBuildFile; fileRef = 79626D111CABB06D0097FCA9 /* TopicCounterListModel.m */; };
		79626D151CABB1900097FCA9 /* TopicUserInfoModel.m in Sources */ = {isa = PBXBuildFile; fileRef = 79626D141CABB1900097FCA9 /* TopicUserInfoModel.m */; };
		79626D171CABC0330097FCA9 /* Foundation+Log.m in Sources */ = {isa = PBXBuildFile; fileRef = 79626D161CABC0330097FCA9 /* Foundation+Log.m */; };
		79626D1A1CABC0A10097FCA9 /* RadioListModel.m in Sources */ = {isa = PBXBuildFile; fileRef = 79626D191CABC0A10097FCA9 /* RadioListModel.m */; };
		79626D1D1CABC1D10097FCA9 /* RadioUserInfoModel.m in Sources */ = {isa = PBXBuildFile; fileRef = 79626D1C1CABC1D10097FCA9 /* RadioUserInfoModel.m */; };
		79626D201CABC5370097FCA9 /* RadioCarouseModel.m in Sources */ = {isa = PBXBuildFile; fileRef = 79626D1F1CABC5370097FCA9 /* RadioCarouseModel.m */; };
		79626D261CABF6290097FCA9 /* ProductCommentListModel.m in Sources */ = {isa = PBXBuildFile; fileRef = 79626D251CABF6290097FCA9 /* ProductCommentListModel.m */; };
		79626D291CABFA3F0097FCA9 /* ProductUserInfoModel.m in Sources */ = {isa = PBXBuildFile; fileRef = 79626D281CABFA3F0097FCA9 /* ProductUserInfoModel.m */; };
		79A100FD1CAA869700E069CA /* NetWorkRequesManager.m in Sources */ = {isa = PBXBuildFile; fileRef = 79A100FC1CAA869700E069CA /* NetWorkRequesManager.m */; };
		79A101001CAA9F3600E069CA /* ReadListModel.m in Sources */ = {isa = PBXBuildFile; fileRef = 79A100FF1CAA9F3600E069CA /* ReadListModel.m */; };
		79A101031CAAADCD00E069CA /* ReadCarouseModel.m in Sources */ = {isa = PBXBuildFile; fileRef = 79A101021CAAADCD00E069CA /* ReadCarouseModel.m */; };
		79C6AE4E1CA924F400354BBB /* main.m in Sources */ = {isa = PBXBuildFile; fileRef = 79C6AE4D1CA924F400354BBB /* main.m */; };
		79C6AE511CA924F400354BBB /* AppDelegate.m in Sources */ = {isa = PBXBuildFile; fileRef = 79C6AE501CA924F400354BBB /* AppDelegate.m */; };
		79C6AE541CA924F400354BBB /* ViewController.m in Sources */ = {isa = PBXBuildFile; fileRef = 79C6AE531CA924F400354BBB /* ViewController.m */; };
		79C6AE571CA924F400354BBB /* Main.storyboard in Resources */ = {isa = PBXBuildFile; fileRef = 79C6AE551CA924F400354BBB /* Main.storyboard */; };
		79C6AE591CA924F400354BBB /* Assets.xcassets in Resources */ = {isa = PBXBuildFile; fileRef = 79C6AE581CA924F400354BBB /* Assets.xcassets */; };
		79C6AE5C1CA924F400354BBB /* LaunchScreen.storyboard in Resources */ = {isa = PBXBuildFile; fileRef = 79C6AE5A1CA924F400354BBB /* LaunchScreen.storyboard */; };
		79C6AE671CA924F400354BBB /* LeisureTests.m in Sources */ = {isa = PBXBuildFile; fileRef = 79C6AE661CA924F400354BBB /* LeisureTests.m */; };
		79C6AE721CA924F400354BBB /* LeisureUITests.m in Sources */ = {isa = PBXBuildFile; fileRef = 79C6AE711CA924F400354BBB /* LeisureUITests.m */; };
		79C6AEA61CA928D500354BBB /* ProductViewController.m in Sources */ = {isa = PBXBuildFile; fileRef = 79C6AEA41CA928D500354BBB /* ProductViewController.m */; };
		79C6AEA71CA928D500354BBB /* ProductViewController.xib in Resources */ = {isa = PBXBuildFile; fileRef = 79C6AEA51CA928D500354BBB /* ProductViewController.xib */; };
		79C6AEAB1CA928E400354BBB /* ProductInfoViewController.m in Sources */ = {isa = PBXBuildFile; fileRef = 79C6AEA91CA928E400354BBB /* ProductInfoViewController.m */; };
		79C6AEAC1CA928E400354BBB /* ProductInfoViewController.xib in Resources */ = {isa = PBXBuildFile; fileRef = 79C6AEAA1CA928E400354BBB /* ProductInfoViewController.xib */; };
		79C6AEB01CA928FE00354BBB /* RadioViewController.m in Sources */ = {isa = PBXBuildFile; fileRef = 79C6AEAE1CA928FE00354BBB /* RadioViewController.m */; };
		79C6AEB11CA928FE00354BBB /* RadioViewController.xib in Resources */ = {isa = PBXBuildFile; fileRef = 79C6AEAF1CA928FE00354BBB /* RadioViewController.xib */; };
		79C6AEB51CA9290C00354BBB /* RadioDetailViewController.m in Sources */ = {isa = PBXBuildFile; fileRef = 79C6AEB31CA9290C00354BBB /* RadioDetailViewController.m */; };
		79C6AEB61CA9290C00354BBB /* RadioDetailViewController.xib in Resources */ = {isa = PBXBuildFile; fileRef = 79C6AEB41CA9290C00354BBB /* RadioDetailViewController.xib */; };
		79C6AEBA1CA9291800354BBB /* RadioPlayViewController.m in Sources */ = {isa = PBXBuildFile; fileRef = 79C6AEB81CA9291800354BBB /* RadioPlayViewController.m */; };
		79C6AEBB1CA9291800354BBB /* RadioPlayViewController.xib in Resources */ = {isa = PBXBuildFile; fileRef = 79C6AEB91CA9291800354BBB /* RadioPlayViewController.xib */; };
		79C6AEBF1CA9292B00354BBB /* ReadViewController.m in Sources */ = {isa = PBXBuildFile; fileRef = 79C6AEBD1CA9292B00354BBB /* ReadViewController.m */; };
		79C6AEC01CA9292B00354BBB /* ReadViewController.xib in Resources */ = {isa = PBXBuildFile; fileRef = 79C6AEBE1CA9292B00354BBB /* ReadViewController.xib */; };
		79C6AEC41CA9293800354BBB /* ReadDetailViewController.m in Sources */ = {isa = PBXBuildFile; fileRef = 79C6AEC21CA9293800354BBB /* ReadDetailViewController.m */; };
		79C6AEC51CA9293800354BBB /* ReadDetailViewController.xib in Resources */ = {isa = PBXBuildFile; fileRef = 79C6AEC31CA9293800354BBB /* ReadDetailViewController.xib */; };
		79C6AEC91CA9294300354BBB /* ReadInfoViewController.m in Sources */ = {isa = PBXBuildFile; fileRef = 79C6AEC71CA9294300354BBB /* ReadInfoViewController.m */; };
		79C6AECA1CA9294300354BBB /* ReadInfoViewController.xib in Resources */ = {isa = PBXBuildFile; fileRef = 79C6AEC81CA9294300354BBB /* ReadInfoViewController.xib */; };
		79C6AECE1CA9295A00354BBB /* TopicViewController.m in Sources */ = {isa = PBXBuildFile; fileRef = 79C6AECC1CA9295A00354BBB /* TopicViewController.m */; };
		79C6AECF1CA9295A00354BBB /* TopicViewController.xib in Resources */ = {isa = PBXBuildFile; fileRef = 79C6AECD1CA9295A00354BBB /* TopicViewController.xib */; };
		79C6AED31CA9296500354BBB /* TopicInfoViewController.m in Sources */ = {isa = PBXBuildFile; fileRef = 79C6AED11CA9296500354BBB /* TopicInfoViewController.m */; };
		79C6AED41CA9296500354BBB /* TopicInfoViewController.xib in Resources */ = {isa = PBXBuildFile; fileRef = 79C6AED21CA9296500354BBB /* TopicInfoViewController.xib */; };
		79C6AED81CA9299900354BBB /* BaseViewController.m in Sources */ = {isa = PBXBuildFile; fileRef = 79C6AED61CA9299900354BBB /* BaseViewController.m */; };
		79C6AED91CA9299900354BBB /* BaseViewController.xib in Resources */ = {isa = PBXBuildFile; fileRef = 79C6AED71CA9299900354BBB /* BaseViewController.xib */; };
		79C6AEDC1CA929A900354BBB /* BaseModel.m in Sources */ = {isa = PBXBuildFile; fileRef = 79C6AEDB1CA929A900354BBB /* BaseModel.m */; };
		79C6AEE11CA9339E00354BBB /* DrawerViewController.m in Sources */ = {isa = PBXBuildFile; fileRef = 79C6AEDF1CA9339E00354BBB /* DrawerViewController.m */; };
		79C6AEE21CA9339E00354BBB /* DrawerViewController.xib in Resources */ = {isa = PBXBuildFile; fileRef = 79C6AEE01CA9339E00354BBB /* DrawerViewController.xib */; };
		79C6AEE61CA933AB00354BBB /* MenuViewController.m in Sources */ = {isa = PBXBuildFile; fileRef = 79C6AEE41CA933AB00354BBB /* MenuViewController.m */; };
		79C6AEE71CA933AB00354BBB /* MenuViewController.xib in Resources */ = {isa = PBXBuildFile; fileRef = 79C6AEE51CA933AB00354BBB /* MenuViewController.xib */; };
/* End PBXBuildFile section */

/* Begin PBXContainerItemProxy section */
		79C6AE631CA924F400354BBB /* PBXContainerItemProxy */ = {
			isa = PBXContainerItemProxy;
			containerPortal = 79C6AE411CA924F400354BBB /* Project object */;
			proxyType = 1;
			remoteGlobalIDString = 79C6AE481CA924F400354BBB;
			remoteInfo = Leisure;
		};
		79C6AE6E1CA924F400354BBB /* PBXContainerItemProxy */ = {
			isa = PBXContainerItemProxy;
			containerPortal = 79C6AE411CA924F400354BBB /* Project object */;
			proxyType = 1;
			remoteGlobalIDString = 79C6AE481CA924F400354BBB;
			remoteInfo = Leisure;
		};
/* End PBXContainerItemProxy section */

/* Begin PBXFileReference section */
		393C2439DA50290C0C5B70FE /* Pods.debug.xcconfig */ = {isa = PBXFileReference; includeInIndex = 1; lastKnownFileType = text.xcconfig; name = Pods.debug.xcconfig; path = "Pods/Target Support Files/Pods/Pods.debug.xcconfig"; sourceTree = "<group>"; };
		3EB5CC89DB51EF8FA4ECE0A8 /* libPods.a */ = {isa = PBXFileReference; explicitFileType = archive.ar; includeInIndex = 0; path = libPods.a; sourceTree = BUILT_PRODUCTS_DIR; };
		790BE12E1CAE5788008E2713 /* ReadDetailHeader.h */ = {isa = PBXFileReference; fileEncoding = 4; lastKnownFileType = sourcecode.c.h; path = ReadDetailHeader.h; sourceTree = "<group>"; };
		790BE12F1CAE5788008E2713 /* ReadDetailHeader.m */ = {isa = PBXFileReference; fileEncoding = 4; lastKnownFileType = sourcecode.c.objc; path = ReadDetailHeader.m; sourceTree = "<group>"; };
		790E72421CAFFDFC00D014C9 /* RadioHeader.h */ = {isa = PBXFileReference; fileEncoding = 4; lastKnownFileType = sourcecode.c.h; path = RadioHeader.h; sourceTree = "<group>"; };
		790E72431CAFFDFC00D014C9 /* RadioHeader.m */ = {isa = PBXFileReference; fileEncoding = 4; lastKnownFileType = sourcecode.c.objc; path = RadioHeader.m; sourceTree = "<group>"; };
		790E724A1CB0019D00D014C9 /* RadioCollectionViewCell.h */ = {isa = PBXFileReference; fileEncoding = 4; lastKnownFileType = sourcecode.c.h; path = RadioCollectionViewCell.h; sourceTree = "<group>"; };
		790E724B1CB0019D00D014C9 /* RadioCollectionViewCell.m */ = {isa = PBXFileReference; fileEncoding = 4; lastKnownFileType = sourcecode.c.objc; path = RadioCollectionViewCell.m; sourceTree = "<group>"; };
		790E724C1CB0019D00D014C9 /* RadioCollectionViewCell.xib */ = {isa = PBXFileReference; fileEncoding = 4; lastKnownFileType = file.xib; path = RadioCollectionViewCell.xib; sourceTree = "<group>"; };
		790E724F1CB005AD00D014C9 /* RadioTableViewCell.h */ = {isa = PBXFileReference; fileEncoding = 4; lastKnownFileType = sourcecode.c.h; path = RadioTableViewCell.h; sourceTree = "<group>"; };
		790E72501CB005AD00D014C9 /* RadioTableViewCell.m */ = {isa = PBXFileReference; fileEncoding = 4; lastKnownFileType = sourcecode.c.objc; path = RadioTableViewCell.m; sourceTree = "<group>"; };
		790E72511CB005AD00D014C9 /* RadioTableViewCell.xib */ = {isa = PBXFileReference; fileEncoding = 4; lastKnownFileType = file.xib; path = RadioTableViewCell.xib; sourceTree = "<group>"; };
		7910D9861CACB735009AB522 /* BaseCollectionViewCell.h */ = {isa = PBXFileReference; fileEncoding = 4; lastKnownFileType = sourcecode.c.h; path = BaseCollectionViewCell.h; sourceTree = "<group>"; };
		7910D9871CACB735009AB522 /* BaseCollectionViewCell.m */ = {isa = PBXFileReference; fileEncoding = 4; lastKnownFileType = sourcecode.c.objc; path = BaseCollectionViewCell.m; sourceTree = "<group>"; };
		791F49021CB0F0F300856FC9 /* RadioDetailListModel.h */ = {isa = PBXFileReference; fileEncoding = 4; lastKnownFileType = sourcecode.c.h; path = RadioDetailListModel.h; sourceTree = "<group>"; };
		791F49031CB0F0F300856FC9 /* RadioDetailListModel.m */ = {isa = PBXFileReference; fileEncoding = 4; lastKnownFileType = sourcecode.c.objc; path = RadioDetailListModel.m; sourceTree = "<group>"; };
		791F49051CB0F4C800856FC9 /* RadioInfoModel.h */ = {isa = PBXFileReference; fileEncoding = 4; lastKnownFileType = sourcecode.c.h; path = RadioInfoModel.h; sourceTree = "<group>"; };
		791F49061CB0F4C800856FC9 /* RadioInfoModel.m */ = {isa = PBXFileReference; fileEncoding = 4; lastKnownFileType = sourcecode.c.objc; path = RadioInfoModel.m; sourceTree = "<group>"; };
		791F49081CB10DF100856FC9 /* RadioDetailTableViewCell.h */ = {isa = PBXFileReference; fileEncoding = 4; lastKnownFileType = sourcecode.c.h; path = RadioDetailTableViewCell.h; sourceTree = "<group>"; };
		791F49091CB10DF100856FC9 /* RadioDetailTableViewCell.m */ = {isa = PBXFileReference; fileEncoding = 4; lastKnownFileType = sourcecode.c.objc; path = RadioDetailTableViewCell.m; sourceTree = "<group>"; };
		791F490A1CB10DF100856FC9 /* RadioDetailTableViewCell.xib */ = {isa = PBXFileReference; fileEncoding = 4; lastKnownFileType = file.xib; path = RadioDetailTableViewCell.xib; sourceTree = "<group>"; };
		791F49101CB11AE400856FC9 /* UIBarButtonItem+QYExtension.h */ = {isa = PBXFileReference; fileEncoding = 4; lastKnownFileType = sourcecode.c.h; name = "UIBarButtonItem+QYExtension.h"; path = "../../Tools/UIBarButtonItem+QYExtension.h"; sourceTree = "<group>"; };
		791F49111CB11AE400856FC9 /* UIBarButtonItem+QYExtension.m */ = {isa = PBXFileReference; fileEncoding = 4; lastKnownFileType = sourcecode.c.objc; name = "UIBarButtonItem+QYExtension.m"; path = "../../Tools/UIBarButtonItem+QYExtension.m"; sourceTree = "<group>"; };
		791F49131CB11CFB00856FC9 /* 藏.png */ = {isa = PBXFileReference; lastKnownFileType = image.png; path = "藏.png"; sourceTree = "<group>"; };
		791F49141CB11CFB00856FC9 /* 时.png */ = {isa = PBXFileReference; lastKnownFileType = image.png; path = "时.png"; sourceTree = "<group>"; };
		791F49151CB11CFB00856FC9 /* 享.png */ = {isa = PBXFileReference; lastKnownFileType = image.png; path = "享.png"; sourceTree = "<group>"; };
		791F49161CB11CFB00856FC9 /* 循.png */ = {isa = PBXFileReference; lastKnownFileType = image.png; path = "循.png"; sourceTree = "<group>"; };
		791F4A2B1CB13FEF00856FC9 /* u58.png */ = {isa = PBXFileReference; lastKnownFileType = image.png; path = u58.png; sourceTree = "<group>"; };
		791F4A2D1CB143DD00856FC9 /* RadioDetailHeader.h */ = {isa = PBXFileReference; fileEncoding = 4; lastKnownFileType = sourcecode.c.h; path = RadioDetailHeader.h; sourceTree = "<group>"; };
		791F4A2E1CB143DD00856FC9 /* RadioDetailHeader.m */ = {isa = PBXFileReference; fileEncoding = 4; lastKnownFileType = sourcecode.c.objc; path = RadioDetailHeader.m; sourceTree = "<group>"; };
		791F4A311CB14FA200856FC9 /* CustomNavigationBar.h */ = {isa = PBXFileReference; fileEncoding = 4; lastKnownFileType = sourcecode.c.h; path = CustomNavigationBar.h; sourceTree = "<group>"; };
		791F4A321CB14FA200856FC9 /* CustomNavigationBar.m */ = {isa = PBXFileReference; fileEncoding = 4; lastKnownFileType = sourcecode.c.objc; path = CustomNavigationBar.m; sourceTree = "<group>"; };
		791F4A341CB1510F00856FC9 /* BaseNavigtionViewController.h */ = {isa = PBXFileReference; fileEncoding = 4; lastKnownFileType = sourcecode.c.h; path = BaseNavigtionViewController.h; sourceTree = "<group>"; };
		791F4A351CB1510F00856FC9 /* BaseNavigtionViewController.m */ = {isa = PBXFileReference; fileEncoding = 4; lastKnownFileType = sourcecode.c.objc; path = BaseNavigtionViewController.m; sourceTree = "<group>"; };
		794BAD5D1CACB804009C2EE9 /* BaseTableViewCell.h */ = {isa = PBXFileReference; fileEncoding = 4; lastKnownFileType = sourcecode.c.h; path = BaseTableViewCell.h; sourceTree = "<group>"; };
		794BAD5E1CACB804009C2EE9 /* BaseTableViewCell.m */ = {isa = PBXFileReference; fileEncoding = 4; lastKnownFileType = sourcecode.c.objc; path = BaseTableViewCell.m; sourceTree = "<group>"; };
		794BAD601CACB926009C2EE9 /* FactoryTableViewCell.h */ = {isa = PBXFileReference; fileEncoding = 4; lastKnownFileType = sourcecode.c.h; path = FactoryTableViewCell.h; sourceTree = "<group>"; };
		794BAD611CACB926009C2EE9 /* FactoryTableViewCell.m */ = {isa = PBXFileReference; fileEncoding = 4; lastKnownFileType = sourcecode.c.objc; path = FactoryTableViewCell.m; sourceTree = "<group>"; };
		794BAD631CACBBEB009C2EE9 /* FactoryCollectionViewCell.h */ = {isa = PBXFileReference; fileEncoding = 4; lastKnownFileType = sourcecode.c.h; path = FactoryCollectionViewCell.h; sourceTree = "<group>"; };
		794BAD641CACBBEB009C2EE9 /* FactoryCollectionViewCell.m */ = {isa = PBXFileReference; fileEncoding = 4; lastKnownFileType = sourcecode.c.objc; path = FactoryCollectionViewCell.m; sourceTree = "<group>"; };
		794BAD661CACC0E1009C2EE9 /* ReadListModelCell.h */ = {isa = PBXFileReference; fileEncoding = 4; lastKnownFileType = sourcecode.c.h; path = ReadListModelCell.h; sourceTree = "<group>"; };
		794BAD671CACC0E1009C2EE9 /* ReadListModelCell.m */ = {isa = PBXFileReference; fileEncoding = 4; lastKnownFileType = sourcecode.c.objc; path = ReadListModelCell.m; sourceTree = "<group>"; };
		794BAD691CACC15C009C2EE9 /* ReadListModelCell.xib */ = {isa = PBXFileReference; fileEncoding = 4; lastKnownFileType = file.xib; path = ReadListModelCell.xib; sourceTree = "<group>"; };
		794BAD6B1CACD18C009C2EE9 /* ReadDetailListModelCell.h */ = {isa = PBXFileReference; fileEncoding = 4; lastKnownFileType = sourcecode.c.h; path = ReadDetailListModelCell.h; sourceTree = "<group>"; };
		794BAD6C1CACD18C009C2EE9 /* ReadDetailListModelCell.m */ = {isa = PBXFileReference; fileEncoding = 4; lastKnownFileType = sourcecode.c.objc; path = ReadDetailListModelCell.m; sourceTree = "<group>"; };
		794BAD6E1CACD1A7009C2EE9 /* ReadDetailListModelCell.xib */ = {isa = PBXFileReference; fileEncoding = 4; lastKnownFileType = file.xib; path = ReadDetailListModelCell.xib; sourceTree = "<group>"; };
		794BAD701CACD685009C2EE9 /* ReadDetailModel.h */ = {isa = PBXFileReference; fileEncoding = 4; lastKnownFileType = sourcecode.c.h; path = ReadDetailModel.h; sourceTree = "<group>"; };
		794BAD711CACD685009C2EE9 /* ReadDetailModel.m */ = {isa = PBXFileReference; fileEncoding = 4; lastKnownFileType = sourcecode.c.objc; path = ReadDetailModel.m; sourceTree = "<group>"; };
		794BAD731CAD23EC009C2EE9 /* ReadCollectionHeaderView.h */ = {isa = PBXFileReference; fileEncoding = 4; lastKnownFileType = sourcecode.c.h; path = ReadCollectionHeaderView.h; sourceTree = "<group>"; };
		794BAD741CAD23EC009C2EE9 /* ReadCollectionHeaderView.m */ = {isa = PBXFileReference; fileEncoding = 4; lastKnownFileType = sourcecode.c.objc; path = ReadCollectionHeaderView.m; sourceTree = "<group>"; };
		794BAD781CAD26DC009C2EE9 /* ReadCollectionFootView.h */ = {isa = PBXFileReference; fileEncoding = 4; lastKnownFileType = sourcecode.c.h; path = ReadCollectionFootView.h; sourceTree = "<group>"; };
		794BAD791CAD26DC009C2EE9 /* ReadCollectionFootView.m */ = {isa = PBXFileReference; fileEncoding = 4; lastKnownFileType = sourcecode.c.objc; path = ReadCollectionFootView.m; sourceTree = "<group>"; };
		7956C3041CAD4E580013F905 /* 写作.png */ = {isa = PBXFileReference; lastKnownFileType = image.png; path = "写作.png"; sourceTree = "<group>"; };
		7956C3061CAD52130013F905 /* placeholder.png */ = {isa = PBXFileReference; lastKnownFileType = image.png; path = placeholder.png; sourceTree = "<group>"; };
		7956C3081CAD5B2D0013F905 /* TopicTableViewCell.h */ = {isa = PBXFileReference; fileEncoding = 4; lastKnownFileType = sourcecode.c.h; path = TopicTableViewCell.h; sourceTree = "<group>"; };
		7956C3091CAD5B2D0013F905 /* TopicTableViewCell.m */ = {isa = PBXFileReference; fileEncoding = 4; lastKnownFileType = sourcecode.c.objc; path = TopicTableViewCell.m; sourceTree = "<group>"; };
		7956C30A1CAD5B2D0013F905 /* TopicTableViewCell.xib */ = {isa = PBXFileReference; fileEncoding = 4; lastKnownFileType = file.xib; path = TopicTableViewCell.xib; sourceTree = "<group>"; };
		7956C4FB1CAD71A50013F905 /* TopicHeaderView.h */ = {isa = PBXFileReference; fileEncoding = 4; lastKnownFileType = sourcecode.c.h; path = TopicHeaderView.h; sourceTree = "<group>"; };
		7956C4FC1CAD71A50013F905 /* TopicHeaderView.m */ = {isa = PBXFileReference; fileEncoding = 4; lastKnownFileType = sourcecode.c.objc; path = TopicHeaderView.m; sourceTree = "<group>"; };
		79626C241CAB5FA30097FCA9 /* menu.png */ = {isa = PBXFileReference; lastKnownFileType = image.png; path = menu.png; sourceTree = "<group>"; };
		79626C271CAB7EF10097FCA9 /* ProductListModel.h */ = {isa = PBXFileReference; fileEncoding = 4; lastKnownFileType = sourcecode.c.h; path = ProductListModel.h; sourceTree = "<group>"; };
		79626C281CAB7EF10097FCA9 /* ProductListModel.m */ = {isa = PBXFileReference; fileEncoding = 4; lastKnownFileType = sourcecode.c.objc; path = ProductListModel.m; sourceTree = "<group>"; };
		79626D0D1CABAEF90097FCA9 /* TopicListModel.h */ = {isa = PBXFileReference; fileEncoding = 4; lastKnownFileType = sourcecode.c.h; path = TopicListModel.h; sourceTree = "<group>"; };
		79626D0E1CABAEF90097FCA9 /* TopicListModel.m */ = {isa = PBXFileReference; fileEncoding = 4; lastKnownFileType = sourcecode.c.objc; path = TopicListModel.m; sourceTree = "<group>"; };
		79626D101CABB06D0097FCA9 /* TopicCounterListModel.h */ = {isa = PBXFileReference; fileEncoding = 4; lastKnownFileType = sourcecode.c.h; path = TopicCounterListModel.h; sourceTree = "<group>"; };
		79626D111CABB06D0097FCA9 /* TopicCounterListModel.m */ = {isa = PBXFileReference; fileEncoding = 4; lastKnownFileType = sourcecode.c.objc; path = TopicCounterListModel.m; sourceTree = "<group>"; };
		79626D131CABB1900097FCA9 /* TopicUserInfoModel.h */ = {isa = PBXFileReference; fileEncoding = 4; lastKnownFileType = sourcecode.c.h; path = TopicUserInfoModel.h; sourceTree = "<group>"; };
		79626D141CABB1900097FCA9 /* TopicUserInfoModel.m */ = {isa = PBXFileReference; fileEncoding = 4; lastKnownFileType = sourcecode.c.objc; path = TopicUserInfoModel.m; sourceTree = "<group>"; };
		79626D161CABC0330097FCA9 /* Foundation+Log.m */ = {isa = PBXFileReference; fileEncoding = 4; lastKnownFileType = sourcecode.c.objc; path = "Foundation+Log.m"; sourceTree = "<group>"; };
		79626D181CABC0A10097FCA9 /* RadioListModel.h */ = {isa = PBXFileReference; fileEncoding = 4; lastKnownFileType = sourcecode.c.h; path = RadioListModel.h; sourceTree = "<group>"; };
		79626D191CABC0A10097FCA9 /* RadioListModel.m */ = {isa = PBXFileReference; fileEncoding = 4; lastKnownFileType = sourcecode.c.objc; path = RadioListModel.m; sourceTree = "<group>"; };
		79626D1B1CABC1D10097FCA9 /* RadioUserInfoModel.h */ = {isa = PBXFileReference; fileEncoding = 4; lastKnownFileType = sourcecode.c.h; path = RadioUserInfoModel.h; sourceTree = "<group>"; };
		79626D1C1CABC1D10097FCA9 /* RadioUserInfoModel.m */ = {isa = PBXFileReference; fileEncoding = 4; lastKnownFileType = sourcecode.c.objc; path = RadioUserInfoModel.m; sourceTree = "<group>"; };
		79626D1E1CABC5370097FCA9 /* RadioCarouseModel.h */ = {isa = PBXFileReference; fileEncoding = 4; lastKnownFileType = sourcecode.c.h; path = RadioCarouseModel.h; sourceTree = "<group>"; };
		79626D1F1CABC5370097FCA9 /* RadioCarouseModel.m */ = {isa = PBXFileReference; fileEncoding = 4; lastKnownFileType = sourcecode.c.objc; path = RadioCarouseModel.m; sourceTree = "<group>"; };
		79626D241CABF6290097FCA9 /* ProductCommentListModel.h */ = {isa = PBXFileReference; fileEncoding = 4; lastKnownFileType = sourcecode.c.h; path = ProductCommentListModel.h; sourceTree = "<group>"; };
		79626D251CABF6290097FCA9 /* ProductCommentListModel.m */ = {isa = PBXFileReference; fileEncoding = 4; lastKnownFileType = sourcecode.c.objc; path = ProductCommentListModel.m; sourceTree = "<group>"; };
		79626D271CABFA3F0097FCA9 /* ProductUserInfoModel.h */ = {isa = PBXFileReference; fileEncoding = 4; lastKnownFileType = sourcecode.c.h; path = ProductUserInfoModel.h; sourceTree = "<group>"; };
		79626D281CABFA3F0097FCA9 /* ProductUserInfoModel.m */ = {isa = PBXFileReference; fileEncoding = 4; lastKnownFileType = sourcecode.c.objc; path = ProductUserInfoModel.m; sourceTree = "<group>"; };
		79A100F51CAA85CA00E069CA /* PinaKe-Prefix.pch */ = {isa = PBXFileReference; lastKnownFileType = sourcecode.c.h; path = "PinaKe-Prefix.pch"; sourceTree = "<group>"; };
		79A100F91CAA867000E069CA /* URLHeaderDefine.h */ = {isa = PBXFileReference; lastKnownFileType = sourcecode.c.h; path = URLHeaderDefine.h; sourceTree = "<group>"; };
		79A100FA1CAA868500E069CA /* ConstantsDefine.h */ = {isa = PBXFileReference; lastKnownFileType = sourcecode.c.h; path = ConstantsDefine.h; sourceTree = "<group>"; };
		79A100FB1CAA869700E069CA /* NetWorkRequesManager.h */ = {isa = PBXFileReference; fileEncoding = 4; lastKnownFileType = sourcecode.c.h; path = NetWorkRequesManager.h; sourceTree = "<group>"; };
		79A100FC1CAA869700E069CA /* NetWorkRequesManager.m */ = {isa = PBXFileReference; fileEncoding = 4; lastKnownFileType = sourcecode.c.objc; path = NetWorkRequesManager.m; sourceTree = "<group>"; };
		79A100FE1CAA9F3600E069CA /* ReadListModel.h */ = {isa = PBXFileReference; fileEncoding = 4; lastKnownFileType = sourcecode.c.h; path = ReadListModel.h; sourceTree = "<group>"; };
		79A100FF1CAA9F3600E069CA /* ReadListModel.m */ = {isa = PBXFileReference; fileEncoding = 4; lastKnownFileType = sourcecode.c.objc; path = ReadListModel.m; sourceTree = "<group>"; };
		79A101011CAAADCD00E069CA /* ReadCarouseModel.h */ = {isa = PBXFileReference; fileEncoding = 4; lastKnownFileType = sourcecode.c.h; path = ReadCarouseModel.h; sourceTree = "<group>"; };
		79A101021CAAADCD00E069CA /* ReadCarouseModel.m */ = {isa = PBXFileReference; fileEncoding = 4; lastKnownFileType = sourcecode.c.objc; path = ReadCarouseModel.m; sourceTree = "<group>"; };
		79C6AE491CA924F400354BBB /* Leisure.app */ = {isa = PBXFileReference; explicitFileType = wrapper.application; includeInIndex = 0; path = Leisure.app; sourceTree = BUILT_PRODUCTS_DIR; };
		79C6AE4D1CA924F400354BBB /* main.m */ = {isa = PBXFileReference; lastKnownFileType = sourcecode.c.objc; path = main.m; sourceTree = "<group>"; };
		79C6AE4F1CA924F400354BBB /* AppDelegate.h */ = {isa = PBXFileReference; lastKnownFileType = sourcecode.c.h; name = AppDelegate.h; path = ../AppDelegate.h; sourceTree = "<group>"; };
		79C6AE501CA924F400354BBB /* AppDelegate.m */ = {isa = PBXFileReference; lastKnownFileType = sourcecode.c.objc; name = AppDelegate.m; path = ../AppDelegate.m; sourceTree = "<group>"; };
		79C6AE521CA924F400354BBB /* ViewController.h */ = {isa = PBXFileReference; lastKnownFileType = sourcecode.c.h; name = ViewController.h; path = ../ViewController.h; sourceTree = "<group>"; };
		79C6AE531CA924F400354BBB /* ViewController.m */ = {isa = PBXFileReference; lastKnownFileType = sourcecode.c.objc; name = ViewController.m; path = ../ViewController.m; sourceTree = "<group>"; };
		79C6AE561CA924F400354BBB /* Base */ = {isa = PBXFileReference; lastKnownFileType = file.storyboard; name = Base; path = Base.lproj/Main.storyboard; sourceTree = "<group>"; };
		79C6AE581CA924F400354BBB /* Assets.xcassets */ = {isa = PBXFileReference; lastKnownFileType = folder.assetcatalog; name = Assets.xcassets; path = ../Assets.xcassets; sourceTree = "<group>"; };
		79C6AE5B1CA924F400354BBB /* Base */ = {isa = PBXFileReference; lastKnownFileType = file.storyboard; name = Base; path = Base.lproj/LaunchScreen.storyboard; sourceTree = "<group>"; };
		79C6AE5D1CA924F400354BBB /* Info.plist */ = {isa = PBXFileReference; lastKnownFileType = text.plist.xml; name = Info.plist; path = ../Info.plist; sourceTree = "<group>"; };
		79C6AE621CA924F400354BBB /* LeisureTests.xctest */ = {isa = PBXFileReference; explicitFileType = wrapper.cfbundle; includeInIndex = 0; path = LeisureTests.xctest; sourceTree = BUILT_PRODUCTS_DIR; };
		79C6AE661CA924F400354BBB /* LeisureTests.m */ = {isa = PBXFileReference; lastKnownFileType = sourcecode.c.objc; path = LeisureTests.m; sourceTree = "<group>"; };
		79C6AE681CA924F400354BBB /* Info.plist */ = {isa = PBXFileReference; lastKnownFileType = text.plist.xml; path = Info.plist; sourceTree = "<group>"; };
		79C6AE6D1CA924F400354BBB /* LeisureUITests.xctest */ = {isa = PBXFileReference; explicitFileType = wrapper.cfbundle; includeInIndex = 0; path = LeisureUITests.xctest; sourceTree = BUILT_PRODUCTS_DIR; };
		79C6AE711CA924F400354BBB /* LeisureUITests.m */ = {isa = PBXFileReference; lastKnownFileType = sourcecode.c.objc; path = LeisureUITests.m; sourceTree = "<group>"; };
		79C6AE731CA924F400354BBB /* Info.plist */ = {isa = PBXFileReference; lastKnownFileType = text.plist.xml; path = Info.plist; sourceTree = "<group>"; };
		79C6AEA31CA928D500354BBB /* ProductViewController.h */ = {isa = PBXFileReference; fileEncoding = 4; lastKnownFileType = sourcecode.c.h; path = ProductViewController.h; sourceTree = "<group>"; };
		79C6AEA41CA928D500354BBB /* ProductViewController.m */ = {isa = PBXFileReference; fileEncoding = 4; lastKnownFileType = sourcecode.c.objc; path = ProductViewController.m; sourceTree = "<group>"; };
		79C6AEA51CA928D500354BBB /* ProductViewController.xib */ = {isa = PBXFileReference; fileEncoding = 4; lastKnownFileType = file.xib; path = ProductViewController.xib; sourceTree = "<group>"; };
		79C6AEA81CA928E400354BBB /* ProductInfoViewController.h */ = {isa = PBXFileReference; fileEncoding = 4; lastKnownFileType = sourcecode.c.h; path = ProductInfoViewController.h; sourceTree = "<group>"; };
		79C6AEA91CA928E400354BBB /* ProductInfoViewController.m */ = {isa = PBXFileReference; fileEncoding = 4; lastKnownFileType = sourcecode.c.objc; path = ProductInfoViewController.m; sourceTree = "<group>"; };
		79C6AEAA1CA928E400354BBB /* ProductInfoViewController.xib */ = {isa = PBXFileReference; fileEncoding = 4; lastKnownFileType = file.xib; path = ProductInfoViewController.xib; sourceTree = "<group>"; };
		79C6AEAD1CA928FE00354BBB /* RadioViewController.h */ = {isa = PBXFileReference; fileEncoding = 4; lastKnownFileType = sourcecode.c.h; path = RadioViewController.h; sourceTree = "<group>"; };
		79C6AEAE1CA928FE00354BBB /* RadioViewController.m */ = {isa = PBXFileReference; fileEncoding = 4; lastKnownFileType = sourcecode.c.objc; path = RadioViewController.m; sourceTree = "<group>"; };
		79C6AEAF1CA928FE00354BBB /* RadioViewController.xib */ = {isa = PBXFileReference; fileEncoding = 4; lastKnownFileType = file.xib; path = RadioViewController.xib; sourceTree = "<group>"; };
		79C6AEB21CA9290C00354BBB /* RadioDetailViewController.h */ = {isa = PBXFileReference; fileEncoding = 4; lastKnownFileType = sourcecode.c.h; path = RadioDetailViewController.h; sourceTree = "<group>"; };
		79C6AEB31CA9290C00354BBB /* RadioDetailViewController.m */ = {isa = PBXFileReference; fileEncoding = 4; lastKnownFileType = sourcecode.c.objc; path = RadioDetailViewController.m; sourceTree = "<group>"; };
		79C6AEB41CA9290C00354BBB /* RadioDetailViewController.xib */ = {isa = PBXFileReference; fileEncoding = 4; lastKnownFileType = file.xib; path = RadioDetailViewController.xib; sourceTree = "<group>"; };
		79C6AEB71CA9291800354BBB /* RadioPlayViewController.h */ = {isa = PBXFileReference; fileEncoding = 4; lastKnownFileType = sourcecode.c.h; path = RadioPlayViewController.h; sourceTree = "<group>"; };
		79C6AEB81CA9291800354BBB /* RadioPlayViewController.m */ = {isa = PBXFileReference; fileEncoding = 4; lastKnownFileType = sourcecode.c.objc; path = RadioPlayViewController.m; sourceTree = "<group>"; };
		79C6AEB91CA9291800354BBB /* RadioPlayViewController.xib */ = {isa = PBXFileReference; fileEncoding = 4; lastKnownFileType = file.xib; path = RadioPlayViewController.xib; sourceTree = "<group>"; };
		79C6AEBC1CA9292B00354BBB /* ReadViewController.h */ = {isa = PBXFileReference; fileEncoding = 4; lastKnownFileType = sourcecode.c.h; path = ReadViewController.h; sourceTree = "<group>"; };
		79C6AEBD1CA9292B00354BBB /* ReadViewController.m */ = {isa = PBXFileReference; fileEncoding = 4; lastKnownFileType = sourcecode.c.objc; path = ReadViewController.m; sourceTree = "<group>"; };
		79C6AEBE1CA9292B00354BBB /* ReadViewController.xib */ = {isa = PBXFileReference; fileEncoding = 4; lastKnownFileType = file.xib; path = ReadViewController.xib; sourceTree = "<group>"; };
		79C6AEC11CA9293800354BBB /* ReadDetailViewController.h */ = {isa = PBXFileReference; fileEncoding = 4; lastKnownFileType = sourcecode.c.h; path = ReadDetailViewController.h; sourceTree = "<group>"; };
		79C6AEC21CA9293800354BBB /* ReadDetailViewController.m */ = {isa = PBXFileReference; fileEncoding = 4; lastKnownFileType = sourcecode.c.objc; path = ReadDetailViewController.m; sourceTree = "<group>"; };
		79C6AEC31CA9293800354BBB /* ReadDetailViewController.xib */ = {isa = PBXFileReference; fileEncoding = 4; lastKnownFileType = file.xib; path = ReadDetailViewController.xib; sourceTree = "<group>"; };
		79C6AEC61CA9294300354BBB /* ReadInfoViewController.h */ = {isa = PBXFileReference; fileEncoding = 4; lastKnownFileType = sourcecode.c.h; path = ReadInfoViewController.h; sourceTree = "<group>"; };
		79C6AEC71CA9294300354BBB /* ReadInfoViewController.m */ = {isa = PBXFileReference; fileEncoding = 4; lastKnownFileType = sourcecode.c.objc; path = ReadInfoViewController.m; sourceTree = "<group>"; };
		79C6AEC81CA9294300354BBB /* ReadInfoViewController.xib */ = {isa = PBXFileReference; fileEncoding = 4; lastKnownFileType = file.xib; path = ReadInfoViewController.xib; sourceTree = "<group>"; };
		79C6AECB1CA9295A00354BBB /* TopicViewController.h */ = {isa = PBXFileReference; fileEncoding = 4; lastKnownFileType = sourcecode.c.h; path = TopicViewController.h; sourceTree = "<group>"; };
		79C6AECC1CA9295A00354BBB /* TopicViewController.m */ = {isa = PBXFileReference; fileEncoding = 4; lastKnownFileType = sourcecode.c.objc; path = TopicViewController.m; sourceTree = "<group>"; };
		79C6AECD1CA9295A00354BBB /* TopicViewController.xib */ = {isa = PBXFileReference; fileEncoding = 4; lastKnownFileType = file.xib; path = TopicViewController.xib; sourceTree = "<group>"; };
		79C6AED01CA9296500354BBB /* TopicInfoViewController.h */ = {isa = PBXFileReference; fileEncoding = 4; lastKnownFileType = sourcecode.c.h; path = TopicInfoViewController.h; sourceTree = "<group>"; };
		79C6AED11CA9296500354BBB /* TopicInfoViewController.m */ = {isa = PBXFileReference; fileEncoding = 4; lastKnownFileType = sourcecode.c.objc; path = TopicInfoViewController.m; sourceTree = "<group>"; };
		79C6AED21CA9296500354BBB /* TopicInfoViewController.xib */ = {isa = PBXFileReference; fileEncoding = 4; lastKnownFileType = file.xib; path = TopicInfoViewController.xib; sourceTree = "<group>"; };
		79C6AED51CA9299900354BBB /* BaseViewController.h */ = {isa = PBXFileReference; fileEncoding = 4; lastKnownFileType = sourcecode.c.h; path = BaseViewController.h; sourceTree = "<group>"; };
		79C6AED61CA9299900354BBB /* BaseViewController.m */ = {isa = PBXFileReference; fileEncoding = 4; lastKnownFileType = sourcecode.c.objc; path = BaseViewController.m; sourceTree = "<group>"; };
		79C6AED71CA9299900354BBB /* BaseViewController.xib */ = {isa = PBXFileReference; fileEncoding = 4; lastKnownFileType = file.xib; path = BaseViewController.xib; sourceTree = "<group>"; };
		79C6AEDA1CA929A900354BBB /* BaseModel.h */ = {isa = PBXFileReference; fileEncoding = 4; lastKnownFileType = sourcecode.c.h; path = BaseModel.h; sourceTree = "<group>"; };
		79C6AEDB1CA929A900354BBB /* BaseModel.m */ = {isa = PBXFileReference; fileEncoding = 4; lastKnownFileType = sourcecode.c.objc; path = BaseModel.m; sourceTree = "<group>"; };
		79C6AEDE1CA9339E00354BBB /* DrawerViewController.h */ = {isa = PBXFileReference; fileEncoding = 4; lastKnownFileType = sourcecode.c.h; path = DrawerViewController.h; sourceTree = "<group>"; };
		79C6AEDF1CA9339E00354BBB /* DrawerViewController.m */ = {isa = PBXFileReference; fileEncoding = 4; lastKnownFileType = sourcecode.c.objc; path = DrawerViewController.m; sourceTree = "<group>"; };
		79C6AEE01CA9339E00354BBB /* DrawerViewController.xib */ = {isa = PBXFileReference; fileEncoding = 4; lastKnownFileType = file.xib; path = DrawerViewController.xib; sourceTree = "<group>"; };
		79C6AEE31CA933AB00354BBB /* MenuViewController.h */ = {isa = PBXFileReference; fileEncoding = 4; lastKnownFileType = sourcecode.c.h; path = MenuViewController.h; sourceTree = "<group>"; };
		79C6AEE41CA933AB00354BBB /* MenuViewController.m */ = {isa = PBXFileReference; fileEncoding = 4; lastKnownFileType = sourcecode.c.objc; path = MenuViewController.m; sourceTree = "<group>"; };
		79C6AEE51CA933AB00354BBB /* MenuViewController.xib */ = {isa = PBXFileReference; fileEncoding = 4; lastKnownFileType = file.xib; path = MenuViewController.xib; sourceTree = "<group>"; };
		8D2DC6284B97515FB28B2387 /* Pods.release.xcconfig */ = {isa = PBXFileReference; includeInIndex = 1; lastKnownFileType = text.xcconfig; name = Pods.release.xcconfig; path = "Pods/Target Support Files/Pods/Pods.release.xcconfig"; sourceTree = "<group>"; };
/* End PBXFileReference section */

/* Begin PBXFrameworksBuildPhase section */
		79C6AE461CA924F400354BBB /* Frameworks */ = {
			isa = PBXFrameworksBuildPhase;
			buildActionMask = 2147483647;
			files = (
				0C63A6C609FAF42D0FFAF5A6 /* libPods.a in Frameworks */,
			);
			runOnlyForDeploymentPostprocessing = 0;
		};
		79C6AE5F1CA924F400354BBB /* Frameworks */ = {
			isa = PBXFrameworksBuildPhase;
			buildActionMask = 2147483647;
			files = (
			);
			runOnlyForDeploymentPostprocessing = 0;
		};
		79C6AE6A1CA924F400354BBB /* Frameworks */ = {
			isa = PBXFrameworksBuildPhase;
			buildActionMask = 2147483647;
			files = (
			);
			runOnlyForDeploymentPostprocessing = 0;
		};
/* End PBXFrameworksBuildPhase section */

/* Begin PBXGroup section */
		395723A879E3E738F77A779E /* Pods */ = {
			isa = PBXGroup;
			children = (
				393C2439DA50290C0C5B70FE /* Pods.debug.xcconfig */,
				8D2DC6284B97515FB28B2387 /* Pods.release.xcconfig */,
			);
			name = Pods;
			sourceTree = "<group>";
		};
		59B5D369513637E36BF5611C /* Frameworks */ = {
			isa = PBXGroup;
			children = (
				3EB5CC89DB51EF8FA4ECE0A8 /* libPods.a */,
			);
			name = Frameworks;
			sourceTree = "<group>";
		};
		791F4A301CB14F2500856FC9 /* navigationController */ = {
			isa = PBXGroup;
			children = (
				791F49101CB11AE400856FC9 /* UIBarButtonItem+QYExtension.h */,
				791F49111CB11AE400856FC9 /* UIBarButtonItem+QYExtension.m */,
				791F4A311CB14FA200856FC9 /* CustomNavigationBar.h */,
				791F4A321CB14FA200856FC9 /* CustomNavigationBar.m */,
				791F4A341CB1510F00856FC9 /* BaseNavigtionViewController.h */,
				791F4A351CB1510F00856FC9 /* BaseNavigtionViewController.m */,
			);
			path = navigationController;
			sourceTree = "<group>";
		};
		79A100F41CAA6C0A00E069CA /* image */ = {
			isa = PBXGroup;
			children = (
				791F4A2B1CB13FEF00856FC9 /* u58.png */,
				79626C241CAB5FA30097FCA9 /* menu.png */,
				7956C3041CAD4E580013F905 /* 写作.png */,
				7956C3061CAD52130013F905 /* placeholder.png */,
				791F49131CB11CFB00856FC9 /* 藏.png */,
				791F49141CB11CFB00856FC9 /* 时.png */,
				791F49151CB11CFB00856FC9 /* 享.png */,
				791F49161CB11CFB00856FC9 /* 循.png */,
			);
			name = image;
			sourceTree = "<group>";
		};
		79C6AE401CA924F400354BBB = {
			isa = PBXGroup;
			children = (
				79C6AE4B1CA924F400354BBB /* Leisure */,
				79C6AE651CA924F400354BBB /* LeisureTests */,
				79C6AE701CA924F400354BBB /* LeisureUITests */,
				79C6AE4A1CA924F400354BBB /* Products */,
				395723A879E3E738F77A779E /* Pods */,
				59B5D369513637E36BF5611C /* Frameworks */,
			);
			sourceTree = "<group>";
		};
		79C6AE4A1CA924F400354BBB /* Products */ = {
			isa = PBXGroup;
			children = (
				79C6AE491CA924F400354BBB /* Leisure.app */,
				79C6AE621CA924F400354BBB /* LeisureTests.xctest */,
				79C6AE6D1CA924F400354BBB /* LeisureUITests.xctest */,
			);
			name = Products;
			sourceTree = "<group>";
		};
		79C6AE4B1CA924F400354BBB /* Leisure */ = {
			isa = PBXGroup;
			children = (
				79C6AEDD1CA92A2100354BBB /* Others */,
				79C6AE7F1CA927CE00354BBB /* Base */,
				79C6AE801CA927CE00354BBB /* CodeClass */,
				79C6AE921CA927CE00354BBB /* Document */,
				79C6AE931CA927CE00354BBB /* Tools */,
				79C6AE4C1CA924F400354BBB /* Supporting Files */,
			);
			path = Leisure;
			sourceTree = "<group>";
		};
		79C6AE4C1CA924F400354BBB /* Supporting Files */ = {
			isa = PBXGroup;
			children = (
				79C6AE4D1CA924F400354BBB /* main.m */,
			);
			name = "Supporting Files";
			sourceTree = "<group>";
		};
		79C6AE651CA924F400354BBB /* LeisureTests */ = {
			isa = PBXGroup;
			children = (
				79C6AE661CA924F400354BBB /* LeisureTests.m */,
				79C6AE681CA924F400354BBB /* Info.plist */,
			);
			path = LeisureTests;
			sourceTree = "<group>";
		};
		79C6AE701CA924F400354BBB /* LeisureUITests */ = {
			isa = PBXGroup;
			children = (
				79C6AE711CA924F400354BBB /* LeisureUITests.m */,
				79C6AE731CA924F400354BBB /* Info.plist */,
			);
			path = LeisureUITests;
			sourceTree = "<group>";
		};
		79C6AE7F1CA927CE00354BBB /* Base */ = {
			isa = PBXGroup;
			children = (
				79C6AEDA1CA929A900354BBB /* BaseModel.h */,
				79C6AEDB1CA929A900354BBB /* BaseModel.m */,
				79C6AED51CA9299900354BBB /* BaseViewController.h */,
				79C6AED61CA9299900354BBB /* BaseViewController.m */,
				79C6AED71CA9299900354BBB /* BaseViewController.xib */,
				7910D9861CACB735009AB522 /* BaseCollectionViewCell.h */,
				7910D9871CACB735009AB522 /* BaseCollectionViewCell.m */,
				794BAD5D1CACB804009C2EE9 /* BaseTableViewCell.h */,
				794BAD5E1CACB804009C2EE9 /* BaseTableViewCell.m */,
				794BAD601CACB926009C2EE9 /* FactoryTableViewCell.h */,
				794BAD611CACB926009C2EE9 /* FactoryTableViewCell.m */,
				794BAD631CACBBEB009C2EE9 /* FactoryCollectionViewCell.h */,
				794BAD641CACBBEB009C2EE9 /* FactoryCollectionViewCell.m */,
			);
			path = Base;
			sourceTree = "<group>";
		};
		79C6AE801CA927CE00354BBB /* CodeClass */ = {
			isa = PBXGroup;
			children = (
				79C6AE811CA927CE00354BBB /* Meun */,
				79C6AE821CA927CE00354BBB /* Product */,
				79C6AE861CA927CE00354BBB /* Radio */,
				79C6AE8A1CA927CE00354BBB /* Read */,
				79C6AE8E1CA927CE00354BBB /* Topic */,
			);
			path = CodeClass;
			sourceTree = "<group>";
		};
		79C6AE811CA927CE00354BBB /* Meun */ = {
			isa = PBXGroup;
			children = (
				79C6AEDE1CA9339E00354BBB /* DrawerViewController.h */,
				79C6AEDF1CA9339E00354BBB /* DrawerViewController.m */,
				79C6AEE01CA9339E00354BBB /* DrawerViewController.xib */,
				79C6AEE31CA933AB00354BBB /* MenuViewController.h */,
				79C6AEE41CA933AB00354BBB /* MenuViewController.m */,
				79C6AEE51CA933AB00354BBB /* MenuViewController.xib */,
			);
			path = Meun;
			sourceTree = "<group>";
		};
		79C6AE821CA927CE00354BBB /* Product */ = {
			isa = PBXGroup;
			children = (
				79C6AE831CA927CE00354BBB /* Model */,
				79C6AE841CA927CE00354BBB /* ViewControllers */,
				79C6AE851CA927CE00354BBB /* Views */,
			);
			path = Product;
			sourceTree = "<group>";
		};
		79C6AE831CA927CE00354BBB /* Model */ = {
			isa = PBXGroup;
			children = (
				79626C271CAB7EF10097FCA9 /* ProductListModel.h */,
				79626C281CAB7EF10097FCA9 /* ProductListModel.m */,
				79626D241CABF6290097FCA9 /* ProductCommentListModel.h */,
				79626D251CABF6290097FCA9 /* ProductCommentListModel.m */,
				79626D271CABFA3F0097FCA9 /* ProductUserInfoModel.h */,
				79626D281CABFA3F0097FCA9 /* ProductUserInfoModel.m */,
			);
			path = Model;
			sourceTree = "<group>";
		};
		79C6AE841CA927CE00354BBB /* ViewControllers */ = {
			isa = PBXGroup;
			children = (
				79C6AEA31CA928D500354BBB /* ProductViewController.h */,
				79C6AEA41CA928D500354BBB /* ProductViewController.m */,
				79C6AEA51CA928D500354BBB /* ProductViewController.xib */,
				79C6AEA81CA928E400354BBB /* ProductInfoViewController.h */,
				79C6AEA91CA928E400354BBB /* ProductInfoViewController.m */,
				79C6AEAA1CA928E400354BBB /* ProductInfoViewController.xib */,
			);
			path = ViewControllers;
			sourceTree = "<group>";
		};
		79C6AE851CA927CE00354BBB /* Views */ = {
			isa = PBXGroup;
			children = (
			);
			path = Views;
			sourceTree = "<group>";
		};
		79C6AE861CA927CE00354BBB /* Radio */ = {
			isa = PBXGroup;
			children = (
				79C6AE871CA927CE00354BBB /* Model */,
				79C6AE881CA927CE00354BBB /* ViewControllers */,
				79C6AE891CA927CE00354BBB /* Views */,
			);
			path = Radio;
			sourceTree = "<group>";
		};
		79C6AE871CA927CE00354BBB /* Model */ = {
			isa = PBXGroup;
			children = (
				79626D181CABC0A10097FCA9 /* RadioListModel.h */,
				79626D191CABC0A10097FCA9 /* RadioListModel.m */,
				79626D1B1CABC1D10097FCA9 /* RadioUserInfoModel.h */,
				79626D1C1CABC1D10097FCA9 /* RadioUserInfoModel.m */,
				79626D1E1CABC5370097FCA9 /* RadioCarouseModel.h */,
				79626D1F1CABC5370097FCA9 /* RadioCarouseModel.m */,
				791F49021CB0F0F300856FC9 /* RadioDetailListModel.h */,
				791F49031CB0F0F300856FC9 /* RadioDetailListModel.m */,
				791F49051CB0F4C800856FC9 /* RadioInfoModel.h */,
				791F49061CB0F4C800856FC9 /* RadioInfoModel.m */,
			);
			path = Model;
			sourceTree = "<group>";
		};
		79C6AE881CA927CE00354BBB /* ViewControllers */ = {
			isa = PBXGroup;
			children = (
				79C6AEAD1CA928FE00354BBB /* RadioViewController.h */,
				79C6AEAE1CA928FE00354BBB /* RadioViewController.m */,
				79C6AEAF1CA928FE00354BBB /* RadioViewController.xib */,
				79C6AEB21CA9290C00354BBB /* RadioDetailViewController.h */,
				79C6AEB31CA9290C00354BBB /* RadioDetailViewController.m */,
				79C6AEB41CA9290C00354BBB /* RadioDetailViewController.xib */,
				79C6AEB71CA9291800354BBB /* RadioPlayViewController.h */,
				79C6AEB81CA9291800354BBB /* RadioPlayViewController.m */,
				79C6AEB91CA9291800354BBB /* RadioPlayViewController.xib */,
			);
			path = ViewControllers;
			sourceTree = "<group>";
		};
		79C6AE891CA927CE00354BBB /* Views */ = {
			isa = PBXGroup;
			children = (
				790E72421CAFFDFC00D014C9 /* RadioHeader.h */,
				790E72431CAFFDFC00D014C9 /* RadioHeader.m */,
				790E724F1CB005AD00D014C9 /* RadioTableViewCell.h */,
				790E72501CB005AD00D014C9 /* RadioTableViewCell.m */,
				790E72511CB005AD00D014C9 /* RadioTableViewCell.xib */,
				790E724A1CB0019D00D014C9 /* RadioCollectionViewCell.h */,
				790E724B1CB0019D00D014C9 /* RadioCollectionViewCell.m */,
				790E724C1CB0019D00D014C9 /* RadioCollectionViewCell.xib */,
				791F49081CB10DF100856FC9 /* RadioDetailTableViewCell.h */,
				791F49091CB10DF100856FC9 /* RadioDetailTableViewCell.m */,
				791F490A1CB10DF100856FC9 /* RadioDetailTableViewCell.xib */,
				791F4A2D1CB143DD00856FC9 /* RadioDetailHeader.h */,
				791F4A2E1CB143DD00856FC9 /* RadioDetailHeader.m */,
			);
			path = Views;
			sourceTree = "<group>";
		};
		79C6AE8A1CA927CE00354BBB /* Read */ = {
			isa = PBXGroup;
			children = (
				79C6AE8B1CA927CE00354BBB /* Model */,
				79C6AE8C1CA927CE00354BBB /* ViewControllers */,
				79C6AE8D1CA927CE00354BBB /* Views */,
			);
			path = Read;
			sourceTree = "<group>";
		};
		79C6AE8B1CA927CE00354BBB /* Model */ = {
			isa = PBXGroup;
			children = (
				79A100FE1CAA9F3600E069CA /* ReadListModel.h */,
				79A100FF1CAA9F3600E069CA /* ReadListModel.m */,
				79A101011CAAADCD00E069CA /* ReadCarouseModel.h */,
				79A101021CAAADCD00E069CA /* ReadCarouseModel.m */,
				794BAD701CACD685009C2EE9 /* ReadDetailModel.h */,
				794BAD711CACD685009C2EE9 /* ReadDetailModel.m */,
			);
			path = Model;
			sourceTree = "<group>";
		};
		79C6AE8C1CA927CE00354BBB /* ViewControllers */ = {
			isa = PBXGroup;
			children = (
				79C6AEBC1CA9292B00354BBB /* ReadViewController.h */,
				79C6AEBD1CA9292B00354BBB /* ReadViewController.m */,
				79C6AEBE1CA9292B00354BBB /* ReadViewController.xib */,
				79C6AEC11CA9293800354BBB /* ReadDetailViewController.h */,
				79C6AEC21CA9293800354BBB /* ReadDetailViewController.m */,
				79C6AEC31CA9293800354BBB /* ReadDetailViewController.xib */,
				79C6AEC61CA9294300354BBB /* ReadInfoViewController.h */,
				79C6AEC71CA9294300354BBB /* ReadInfoViewController.m */,
				79C6AEC81CA9294300354BBB /* ReadInfoViewController.xib */,
			);
			path = ViewControllers;
			sourceTree = "<group>";
		};
		79C6AE8D1CA927CE00354BBB /* Views */ = {
			isa = PBXGroup;
			children = (
				794BAD661CACC0E1009C2EE9 /* ReadListModelCell.h */,
				794BAD671CACC0E1009C2EE9 /* ReadListModelCell.m */,
				794BAD691CACC15C009C2EE9 /* ReadListModelCell.xib */,
				794BAD731CAD23EC009C2EE9 /* ReadCollectionHeaderView.h */,
				794BAD741CAD23EC009C2EE9 /* ReadCollectionHeaderView.m */,
				794BAD781CAD26DC009C2EE9 /* ReadCollectionFootView.h */,
				794BAD791CAD26DC009C2EE9 /* ReadCollectionFootView.m */,
				794BAD6B1CACD18C009C2EE9 /* ReadDetailListModelCell.h */,
				794BAD6C1CACD18C009C2EE9 /* ReadDetailListModelCell.m */,
				794BAD6E1CACD1A7009C2EE9 /* ReadDetailListModelCell.xib */,
			);
			path = Views;
			sourceTree = "<group>";
		};
		79C6AE8E1CA927CE00354BBB /* Topic */ = {
			isa = PBXGroup;
			children = (
				79C6AE8F1CA927CE00354BBB /* Model */,
				79C6AE901CA927CE00354BBB /* ViewControllers */,
				79C6AE911CA927CE00354BBB /* Views */,
			);
			path = Topic;
			sourceTree = "<group>";
		};
		79C6AE8F1CA927CE00354BBB /* Model */ = {
			isa = PBXGroup;
			children = (
				79626D0D1CABAEF90097FCA9 /* TopicListModel.h */,
				79626D0E1CABAEF90097FCA9 /* TopicListModel.m */,
				79626D101CABB06D0097FCA9 /* TopicCounterListModel.h */,
				79626D111CABB06D0097FCA9 /* TopicCounterListModel.m */,
				79626D131CABB1900097FCA9 /* TopicUserInfoModel.h */,
				79626D141CABB1900097FCA9 /* TopicUserInfoModel.m */,
			);
			path = Model;
			sourceTree = "<group>";
		};
		79C6AE901CA927CE00354BBB /* ViewControllers */ = {
			isa = PBXGroup;
			children = (
				79C6AECB1CA9295A00354BBB /* TopicViewController.h */,
				79C6AECC1CA9295A00354BBB /* TopicViewController.m */,
				79C6AECD1CA9295A00354BBB /* TopicViewController.xib */,
				79C6AED01CA9296500354BBB /* TopicInfoViewController.h */,
				79C6AED11CA9296500354BBB /* TopicInfoViewController.m */,
				79C6AED21CA9296500354BBB /* TopicInfoViewController.xib */,
				790BE12E1CAE5788008E2713 /* ReadDetailHeader.h */,
				790BE12F1CAE5788008E2713 /* ReadDetailHeader.m */,
			);
			path = ViewControllers;
			sourceTree = "<group>";
		};
		79C6AE911CA927CE00354BBB /* Views */ = {
			isa = PBXGroup;
			children = (
				7956C3081CAD5B2D0013F905 /* TopicTableViewCell.h */,
				7956C3091CAD5B2D0013F905 /* TopicTableViewCell.m */,
				7956C30A1CAD5B2D0013F905 /* TopicTableViewCell.xib */,
				7956C4FB1CAD71A50013F905 /* TopicHeaderView.h */,
				7956C4FC1CAD71A50013F905 /* TopicHeaderView.m */,
			);
			path = Views;
			sourceTree = "<group>";
		};
		79C6AE921CA927CE00354BBB /* Document */ = {
			isa = PBXGroup;
			children = (
				79626D161CABC0330097FCA9 /* Foundation+Log.m */,
				79A100F41CAA6C0A00E069CA /* image */,
			);
			path = Document;
			sourceTree = "<group>";
		};
		79C6AE931CA927CE00354BBB /* Tools */ = {
			isa = PBXGroup;
			children = (
				79A100F51CAA85CA00E069CA /* PinaKe-Prefix.pch */,
				79A100F91CAA867000E069CA /* URLHeaderDefine.h */,
				79A100FA1CAA868500E069CA /* ConstantsDefine.h */,
				79A100FB1CAA869700E069CA /* NetWorkRequesManager.h */,
				79A100FC1CAA869700E069CA /* NetWorkRequesManager.m */,
			);
			path = Tools;
			sourceTree = "<group>";
		};
		79C6AEDD1CA92A2100354BBB /* Others */ = {
			isa = PBXGroup;
			children = (
				791F4A301CB14F2500856FC9 /* navigationController */,
				79C6AE4F1CA924F400354BBB /* AppDelegate.h */,
				79C6AE501CA924F400354BBB /* AppDelegate.m */,
				79C6AE521CA924F400354BBB /* ViewController.h */,
				79C6AE531CA924F400354BBB /* ViewController.m */,
				79C6AE551CA924F400354BBB /* Main.storyboard */,
				79C6AE581CA924F400354BBB /* Assets.xcassets */,
				79C6AE5A1CA924F400354BBB /* LaunchScreen.storyboard */,
				79C6AE5D1CA924F400354BBB /* Info.plist */,
			);
			path = Others;
			sourceTree = "<group>";
		};
/* End PBXGroup section */

/* Begin PBXNativeTarget section */
		79C6AE481CA924F400354BBB /* Leisure */ = {
			isa = PBXNativeTarget;
			buildConfigurationList = 79C6AE761CA924F400354BBB /* Build configuration list for PBXNativeTarget "Leisure" */;
			buildPhases = (
				B2249A3F174866FE44FF97F3 /* Check Pods Manifest.lock */,
				79C6AE451CA924F400354BBB /* Sources */,
				79C6AE461CA924F400354BBB /* Frameworks */,
				79C6AE471CA924F400354BBB /* Resources */,
				A6D79AF753E786D071914D94 /* Embed Pods Frameworks */,
				FAFA9DEEACD9523825C5E2C7 /* Copy Pods Resources */,
			);
			buildRules = (
			);
			dependencies = (
			);
			name = Leisure;
			productName = Leisure;
			productReference = 79C6AE491CA924F400354BBB /* Leisure.app */;
			productType = "com.apple.product-type.application";
		};
		79C6AE611CA924F400354BBB /* LeisureTests */ = {
			isa = PBXNativeTarget;
			buildConfigurationList = 79C6AE791CA924F400354BBB /* Build configuration list for PBXNativeTarget "LeisureTests" */;
			buildPhases = (
				79C6AE5E1CA924F400354BBB /* Sources */,
				79C6AE5F1CA924F400354BBB /* Frameworks */,
				79C6AE601CA924F400354BBB /* Resources */,
			);
			buildRules = (
			);
			dependencies = (
				79C6AE641CA924F400354BBB /* PBXTargetDependency */,
			);
			name = LeisureTests;
			productName = LeisureTests;
			productReference = 79C6AE621CA924F400354BBB /* LeisureTests.xctest */;
			productType = "com.apple.product-type.bundle.unit-test";
		};
		79C6AE6C1CA924F400354BBB /* LeisureUITests */ = {
			isa = PBXNativeTarget;
			buildConfigurationList = 79C6AE7C1CA924F400354BBB /* Build configuration list for PBXNativeTarget "LeisureUITests" */;
			buildPhases = (
				79C6AE691CA924F400354BBB /* Sources */,
				79C6AE6A1CA924F400354BBB /* Frameworks */,
				79C6AE6B1CA924F400354BBB /* Resources */,
			);
			buildRules = (
			);
			dependencies = (
				79C6AE6F1CA924F400354BBB /* PBXTargetDependency */,
			);
			name = LeisureUITests;
			productName = LeisureUITests;
			productReference = 79C6AE6D1CA924F400354BBB /* LeisureUITests.xctest */;
			productType = "com.apple.product-type.bundle.ui-testing";
		};
/* End PBXNativeTarget section */

/* Begin PBXProject section */
		79C6AE411CA924F400354BBB /* Project object */ = {
			isa = PBXProject;
			attributes = {
				LastUpgradeCheck = 0720;
				ORGANIZATIONNAME = xqy;
				TargetAttributes = {
					79C6AE481CA924F400354BBB = {
						CreatedOnToolsVersion = 7.2;
					};
					79C6AE611CA924F400354BBB = {
						CreatedOnToolsVersion = 7.2;
						TestTargetID = 79C6AE481CA924F400354BBB;
					};
					79C6AE6C1CA924F400354BBB = {
						CreatedOnToolsVersion = 7.2;
						TestTargetID = 79C6AE481CA924F400354BBB;
					};
				};
			};
			buildConfigurationList = 79C6AE441CA924F400354BBB /* Build configuration list for PBXProject "Leisure" */;
			compatibilityVersion = "Xcode 3.2";
			developmentRegion = English;
			hasScannedForEncodings = 0;
			knownRegions = (
				en,
				Base,
			);
			mainGroup = 79C6AE401CA924F400354BBB;
			productRefGroup = 79C6AE4A1CA924F400354BBB /* Products */;
			projectDirPath = "";
			projectRoot = "";
			targets = (
				79C6AE481CA924F400354BBB /* Leisure */,
				79C6AE611CA924F400354BBB /* LeisureTests */,
				79C6AE6C1CA924F400354BBB /* LeisureUITests */,
			);
		};
/* End PBXProject section */

/* Begin PBXResourcesBuildPhase section */
		79C6AE471CA924F400354BBB /* Resources */ = {
			isa = PBXResourcesBuildPhase;
			buildActionMask = 2147483647;
			files = (
				79C6AEBB1CA9291800354BBB /* RadioPlayViewController.xib in Resources */,
				79C6AE5C1CA924F400354BBB /* LaunchScreen.storyboard in Resources */,
				790E724E1CB0019D00D014C9 /* RadioCollectionViewCell.xib in Resources */,
				791F49181CB11CFB00856FC9 /* 时.png in Resources */,
				79626C251CAB5FA30097FCA9 /* menu.png in Resources */,
				79C6AECF1CA9295A00354BBB /* TopicViewController.xib in Resources */,
				791F4A2C1CB13FEF00856FC9 /* u58.png in Resources */,
				791F491A1CB11CFB00856FC9 /* 循.png in Resources */,
				7956C3071CAD52130013F905 /* placeholder.png in Resources */,
				79C6AE591CA924F400354BBB /* Assets.xcassets in Resources */,
				794BAD6A1CACC15C009C2EE9 /* ReadListModelCell.xib in Resources */,
				79C6AEB11CA928FE00354BBB /* RadioViewController.xib in Resources */,
				79C6AED91CA9299900354BBB /* BaseViewController.xib in Resources */,
				790E72531CB005AD00D014C9 /* RadioTableViewCell.xib in Resources */,
				794BAD6F1CACD1A7009C2EE9 /* ReadDetailListModelCell.xib in Resources */,
				791F490C1CB10DF100856FC9 /* RadioDetailTableViewCell.xib in Resources */,
				79C6AEB61CA9290C00354BBB /* RadioDetailViewController.xib in Resources */,
				7956C3051CAD4E580013F905 /* 写作.png in Resources */,
				79C6AEE21CA9339E00354BBB /* DrawerViewController.xib in Resources */,
				79C6AEA71CA928D500354BBB /* ProductViewController.xib in Resources */,
				79C6AE571CA924F400354BBB /* Main.storyboard in Resources */,
				791F49171CB11CFB00856FC9 /* 藏.png in Resources */,
				7956C30C1CAD5B2D0013F905 /* TopicTableViewCell.xib in Resources */,
				79C6AEC51CA9293800354BBB /* ReadDetailViewController.xib in Resources */,
				79C6AEE71CA933AB00354BBB /* MenuViewController.xib in Resources */,
				79C6AEAC1CA928E400354BBB /* ProductInfoViewController.xib in Resources */,
				79C6AECA1CA9294300354BBB /* ReadInfoViewController.xib in Resources */,
				79C6AEC01CA9292B00354BBB /* ReadViewController.xib in Resources */,
				79C6AED41CA9296500354BBB /* TopicInfoViewController.xib in Resources */,
				791F49191CB11CFB00856FC9 /* 享.png in Resources */,
			);
			runOnlyForDeploymentPostprocessing = 0;
		};
		79C6AE601CA924F400354BBB /* Resources */ = {
			isa = PBXResourcesBuildPhase;
			buildActionMask = 2147483647;
			files = (
			);
			runOnlyForDeploymentPostprocessing = 0;
		};
		79C6AE6B1CA924F400354BBB /* Resources */ = {
			isa = PBXResourcesBuildPhase;
			buildActionMask = 2147483647;
			files = (
			);
			runOnlyForDeploymentPostprocessing = 0;
		};
/* End PBXResourcesBuildPhase section */

/* Begin PBXShellScriptBuildPhase section */
		A6D79AF753E786D071914D94 /* Embed Pods Frameworks */ = {
			isa = PBXShellScriptBuildPhase;
			buildActionMask = 2147483647;
			files = (
			);
			inputPaths = (
			);
			name = "Embed Pods Frameworks";
			outputPaths = (
			);
			runOnlyForDeploymentPostprocessing = 0;
			shellPath = /bin/sh;
			shellScript = "\"${SRCROOT}/Pods/Target Support Files/Pods/Pods-frameworks.sh\"\n";
			showEnvVarsInLog = 0;
		};
		B2249A3F174866FE44FF97F3 /* Check Pods Manifest.lock */ = {
			isa = PBXShellScriptBuildPhase;
			buildActionMask = 2147483647;
			files = (
			);
			inputPaths = (
			);
			name = "Check Pods Manifest.lock";
			outputPaths = (
			);
			runOnlyForDeploymentPostprocessing = 0;
			shellPath = /bin/sh;
			shellScript = "diff \"${PODS_ROOT}/../Podfile.lock\" \"${PODS_ROOT}/Manifest.lock\" > /dev/null\nif [[ $? != 0 ]] ; then\n    cat << EOM\nerror: The sandbox is not in sync with the Podfile.lock. Run 'pod install' or update your CocoaPods installation.\nEOM\n    exit 1\nfi\n";
			showEnvVarsInLog = 0;
		};
		FAFA9DEEACD9523825C5E2C7 /* Copy Pods Resources */ = {
			isa = PBXShellScriptBuildPhase;
			buildActionMask = 2147483647;
			files = (
			);
			inputPaths = (
			);
			name = "Copy Pods Resources";
			outputPaths = (
			);
			runOnlyForDeploymentPostprocessing = 0;
			shellPath = /bin/sh;
			shellScript = "\"${SRCROOT}/Pods/Target Support Files/Pods/Pods-resources.sh\"\n";
			showEnvVarsInLog = 0;
		};
/* End PBXShellScriptBuildPhase section */

/* Begin PBXSourcesBuildPhase section */
		79C6AE451CA924F400354BBB /* Sources */ = {
			isa = PBXSourcesBuildPhase;
			buildActionMask = 2147483647;
			files = (
				794BAD621CACB926009C2EE9 /* FactoryTableViewCell.m in Sources */,
				79626D291CABFA3F0097FCA9 /* ProductUserInfoModel.m in Sources */,
				79C6AEC91CA9294300354BBB /* ReadInfoViewController.m in Sources */,
				794BAD681CACC0E1009C2EE9 /* ReadListModelCell.m in Sources */,
				794BAD6D1CACD18C009C2EE9 /* ReadDetailListModelCell.m in Sources */,
				79626D171CABC0330097FCA9 /* Foundation+Log.m in Sources */,
				790E72441CAFFDFC00D014C9 /* RadioHeader.m in Sources */,
				79C6AEE61CA933AB00354BBB /* MenuViewController.m in Sources */,
				79C6AEBA1CA9291800354BBB /* RadioPlayViewController.m in Sources */,
				791F4A361CB1510F00856FC9 /* BaseNavigtionViewController.m in Sources */,
				790E724D1CB0019D00D014C9 /* RadioCollectionViewCell.m in Sources */,
				79C6AECE1CA9295A00354BBB /* TopicViewController.m in Sources */,
				79626C291CAB7EF10097FCA9 /* ProductListModel.m in Sources */,
				794BAD7B1CAD26DC009C2EE9 /* ReadCollectionFootView.m in Sources */,
				790BE1301CAE5788008E2713 /* ReadDetailHeader.m in Sources */,
				79C6AEDC1CA929A900354BBB /* BaseModel.m in Sources */,
				79626D121CABB06D0097FCA9 /* TopicCounterListModel.m in Sources */,
				791F4A331CB14FA200856FC9 /* CustomNavigationBar.m in Sources */,
				79C6AEBF1CA9292B00354BBB /* ReadViewController.m in Sources */,
				79626D1A1CABC0A10097FCA9 /* RadioListModel.m in Sources */,
				79A101001CAA9F3600E069CA /* ReadListModel.m in Sources */,
				794BAD5F1CACB804009C2EE9 /* BaseTableViewCell.m in Sources */,
				79626D1D1CABC1D10097FCA9 /* RadioUserInfoModel.m in Sources */,
				7956C4FD1CAD71A50013F905 /* TopicHeaderView.m in Sources */,
				790E72521CB005AD00D014C9 /* RadioTableViewCell.m in Sources */,
				791F4A2F1CB143DD00856FC9 /* RadioDetailHeader.m in Sources */,
				79626D201CABC5370097FCA9 /* RadioCarouseModel.m in Sources */,
				791F49041CB0F0F300856FC9 /* RadioDetailListModel.m in Sources */,
				79C6AEE11CA9339E00354BBB /* DrawerViewController.m in Sources */,
				791F49071CB0F4C800856FC9 /* RadioInfoModel.m in Sources */,
				79626D151CABB1900097FCA9 /* TopicUserInfoModel.m in Sources */,
				794BAD721CACD685009C2EE9 /* ReadDetailModel.m in Sources */,
				79A101031CAAADCD00E069CA /* ReadCarouseModel.m in Sources */,
				79C6AED31CA9296500354BBB /* TopicInfoViewController.m in Sources */,
				79C6AED81CA9299900354BBB /* BaseViewController.m in Sources */,
				7956C30B1CAD5B2D0013F905 /* TopicTableViewCell.m in Sources */,
				79C6AEB01CA928FE00354BBB /* RadioViewController.m in Sources */,
				79C6AE541CA924F400354BBB /* ViewController.m in Sources */,
				79A100FD1CAA869700E069CA /* NetWorkRequesManager.m in Sources */,
				794BAD761CAD23EC009C2EE9 /* ReadCollectionHeaderView.m in Sources */,
				79626D261CABF6290097FCA9 /* ProductCommentListModel.m in Sources */,
				79626D0F1CABAEF90097FCA9 /* TopicListModel.m in Sources */,
				79C6AE511CA924F400354BBB /* AppDelegate.m in Sources */,
				7910D9881CACB735009AB522 /* BaseCollectionViewCell.m in Sources */,
				791F49121CB11AE400856FC9 /* UIBarButtonItem+QYExtension.m in Sources */,
				79C6AEA61CA928D500354BBB /* ProductViewController.m in Sources */,
				791F490B1CB10DF100856FC9 /* RadioDetailTableViewCell.m in Sources */,
				794BAD651CACBBEB009C2EE9 /* FactoryCollectionViewCell.m in Sources */,
				79C6AE4E1CA924F400354BBB /* main.m in Sources */,
				79C6AEC41CA9293800354BBB /* ReadDetailViewController.m in Sources */,
				79C6AEAB1CA928E400354BBB /* ProductInfoViewController.m in Sources */,
				79C6AEB51CA9290C00354BBB /* RadioDetailViewController.m in Sources */,
			);
			runOnlyForDeploymentPostprocessing = 0;
		};
		79C6AE5E1CA924F400354BBB /* Sources */ = {
			isa = PBXSourcesBuildPhase;
			buildActionMask = 2147483647;
			files = (
				79C6AE671CA924F400354BBB /* LeisureTests.m in Sources */,
			);
			runOnlyForDeploymentPostprocessing = 0;
		};
		79C6AE691CA924F400354BBB /* Sources */ = {
			isa = PBXSourcesBuildPhase;
			buildActionMask = 2147483647;
			files = (
				79C6AE721CA924F400354BBB /* LeisureUITests.m in Sources */,
			);
			runOnlyForDeploymentPostprocessing = 0;
		};
/* End PBXSourcesBuildPhase section */

/* Begin PBXTargetDependency section */
		79C6AE641CA924F400354BBB /* PBXTargetDependency */ = {
			isa = PBXTargetDependency;
			target = 79C6AE481CA924F400354BBB /* Leisure */;
			targetProxy = 79C6AE631CA924F400354BBB /* PBXContainerItemProxy */;
		};
		79C6AE6F1CA924F400354BBB /* PBXTargetDependency */ = {
			isa = PBXTargetDependency;
			target = 79C6AE481CA924F400354BBB /* Leisure */;
			targetProxy = 79C6AE6E1CA924F400354BBB /* PBXContainerItemProxy */;
		};
/* End PBXTargetDependency section */

/* Begin PBXVariantGroup section */
		79C6AE551CA924F400354BBB /* Main.storyboard */ = {
			isa = PBXVariantGroup;
			children = (
				79C6AE561CA924F400354BBB /* Base */,
			);
			name = Main.storyboard;
			path = ..;
			sourceTree = "<group>";
		};
		79C6AE5A1CA924F400354BBB /* LaunchScreen.storyboard */ = {
			isa = PBXVariantGroup;
			children = (
				79C6AE5B1CA924F400354BBB /* Base */,
			);
			name = LaunchScreen.storyboard;
			path = ..;
			sourceTree = "<group>";
		};
/* End PBXVariantGroup section */

/* Begin XCBuildConfiguration section */
		79C6AE741CA924F400354BBB /* Debug */ = {
			isa = XCBuildConfiguration;
			buildSettings = {
				ALWAYS_SEARCH_USER_PATHS = NO;
				CLANG_CXX_LANGUAGE_STANDARD = "gnu++0x";
				CLANG_CXX_LIBRARY = "libc++";
				CLANG_ENABLE_MODULES = YES;
				CLANG_ENABLE_OBJC_ARC = YES;
				CLANG_WARN_BOOL_CONVERSION = YES;
				CLANG_WARN_CONSTANT_CONVERSION = YES;
				CLANG_WARN_DIRECT_OBJC_ISA_USAGE = YES_ERROR;
				CLANG_WARN_EMPTY_BODY = YES;
				CLANG_WARN_ENUM_CONVERSION = YES;
				CLANG_WARN_INT_CONVERSION = YES;
				CLANG_WARN_OBJC_ROOT_CLASS = YES_ERROR;
				CLANG_WARN_UNREACHABLE_CODE = YES;
				CLANG_WARN__DUPLICATE_METHOD_MATCH = YES;
				"CODE_SIGN_IDENTITY[sdk=iphoneos*]" = "iPhone Developer";
				COPY_PHASE_STRIP = NO;
				DEBUG_INFORMATION_FORMAT = dwarf;
				ENABLE_STRICT_OBJC_MSGSEND = YES;
				ENABLE_TESTABILITY = YES;
				GCC_C_LANGUAGE_STANDARD = gnu99;
				GCC_DYNAMIC_NO_PIC = NO;
				GCC_NO_COMMON_BLOCKS = YES;
				GCC_OPTIMIZATION_LEVEL = 0;
				GCC_PREPROCESSOR_DEFINITIONS = (
					"DEBUG=1",
					"$(inherited)",
				);
				GCC_WARN_64_TO_32_BIT_CONVERSION = YES;
				GCC_WARN_ABOUT_RETURN_TYPE = YES_ERROR;
				GCC_WARN_UNDECLARED_SELECTOR = YES;
				GCC_WARN_UNINITIALIZED_AUTOS = YES_AGGRESSIVE;
				GCC_WARN_UNUSED_FUNCTION = YES;
				GCC_WARN_UNUSED_VARIABLE = YES;
				IPHONEOS_DEPLOYMENT_TARGET = 9.2;
				MTL_ENABLE_DEBUG_INFO = YES;
				ONLY_ACTIVE_ARCH = YES;
				SDKROOT = iphoneos;
			};
			name = Debug;
		};
		79C6AE751CA924F400354BBB /* Release */ = {
			isa = XCBuildConfiguration;
			buildSettings = {
				ALWAYS_SEARCH_USER_PATHS = NO;
				CLANG_CXX_LANGUAGE_STANDARD = "gnu++0x";
				CLANG_CXX_LIBRARY = "libc++";
				CLANG_ENABLE_MODULES = YES;
				CLANG_ENABLE_OBJC_ARC = YES;
				CLANG_WARN_BOOL_CONVERSION = YES;
				CLANG_WARN_CONSTANT_CONVERSION = YES;
				CLANG_WARN_DIRECT_OBJC_ISA_USAGE = YES_ERROR;
				CLANG_WARN_EMPTY_BODY = YES;
				CLANG_WARN_ENUM_CONVERSION = YES;
				CLANG_WARN_INT_CONVERSION = YES;
				CLANG_WARN_OBJC_ROOT_CLASS = YES_ERROR;
				CLANG_WARN_UNREACHABLE_CODE = YES;
				CLANG_WARN__DUPLICATE_METHOD_MATCH = YES;
				"CODE_SIGN_IDENTITY[sdk=iphoneos*]" = "iPhone Developer";
				COPY_PHASE_STRIP = NO;
				DEBUG_INFORMATION_FORMAT = "dwarf-with-dsym";
				ENABLE_NS_ASSERTIONS = NO;
				ENABLE_STRICT_OBJC_MSGSEND = YES;
				GCC_C_LANGUAGE_STANDARD = gnu99;
				GCC_NO_COMMON_BLOCKS = YES;
				GCC_WARN_64_TO_32_BIT_CONVERSION = YES;
				GCC_WARN_ABOUT_RETURN_TYPE = YES_ERROR;
				GCC_WARN_UNDECLARED_SELECTOR = YES;
				GCC_WARN_UNINITIALIZED_AUTOS = YES_AGGRESSIVE;
				GCC_WARN_UNUSED_FUNCTION = YES;
				GCC_WARN_UNUSED_VARIABLE = YES;
				IPHONEOS_DEPLOYMENT_TARGET = 9.2;
				MTL_ENABLE_DEBUG_INFO = NO;
				SDKROOT = iphoneos;
				VALIDATE_PRODUCT = YES;
			};
			name = Release;
		};
		79C6AE771CA924F400354BBB /* Debug */ = {
			isa = XCBuildConfiguration;
			baseConfigurationReference = 393C2439DA50290C0C5B70FE /* Pods.debug.xcconfig */;
			buildSettings = {
				ASSETCATALOG_COMPILER_APPICON_NAME = AppIcon;
				GCC_PREFIX_HEADER = "Leisure/Tools/PinaKe-Prefix.pch";
				HEADER_SEARCH_PATHS = "";
				INFOPLIST_FILE = Leisure/Info.plist;
				LD_RUNPATH_SEARCH_PATHS = "$(inherited) @executable_path/Frameworks";
				PRODUCT_BUNDLE_IDENTIFIER = lanou3g.com.Leisure;
				PRODUCT_NAME = "$(TARGET_NAME)";
				TARGETED_DEVICE_FAMILY = 1;
				USER_HEADER_SEARCH_PATHS = "";
			};
			name = Debug;
		};
		79C6AE781CA924F400354BBB /* Release */ = {
			isa = XCBuildConfiguration;
			baseConfigurationReference = 8D2DC6284B97515FB28B2387 /* Pods.release.xcconfig */;
			buildSettings = {
				ASSETCATALOG_COMPILER_APPICON_NAME = AppIcon;
				GCC_PREFIX_HEADER = "Leisure/Tools/PinaKe-Prefix.pch";
				HEADER_SEARCH_PATHS = "";
				INFOPLIST_FILE = Leisure/Info.plist;
				LD_RUNPATH_SEARCH_PATHS = "$(inherited) @executable_path/Frameworks";
				PRODUCT_BUNDLE_IDENTIFIER = lanou3g.com.Leisure;
				PRODUCT_NAME = "$(TARGET_NAME)";
				TARGETED_DEVICE_FAMILY = 1;
				USER_HEADER_SEARCH_PATHS = "";
			};
			name = Release;
		};
		79C6AE7A1CA924F400354BBB /* Debug */ = {
			isa = XCBuildConfiguration;
			buildSettings = {
				BUNDLE_LOADER = "$(TEST_HOST)";
				INFOPLIST_FILE = LeisureTests/Info.plist;
				LD_RUNPATH_SEARCH_PATHS = "$(inherited) @executable_path/Frameworks @loader_path/Frameworks";
				PRODUCT_BUNDLE_IDENTIFIER = lanou3g.com.LeisureTests;
				PRODUCT_NAME = "$(TARGET_NAME)";
				TEST_HOST = "$(BUILT_PRODUCTS_DIR)/Leisure.app/Leisure";
			};
			name = Debug;
		};
		79C6AE7B1CA924F400354BBB /* Release */ = {
			isa = XCBuildConfiguration;
			buildSettings = {
				BUNDLE_LOADER = "$(TEST_HOST)";
				INFOPLIST_FILE = LeisureTests/Info.plist;
				LD_RUNPATH_SEARCH_PATHS = "$(inherited) @executable_path/Frameworks @loader_path/Frameworks";
				PRODUCT_BUNDLE_IDENTIFIER = lanou3g.com.LeisureTests;
				PRODUCT_NAME = "$(TARGET_NAME)";
				TEST_HOST = "$(BUILT_PRODUCTS_DIR)/Leisure.app/Leisure";
			};
			name = Release;
		};
		79C6AE7D1CA924F400354BBB /* Debug */ = {
			isa = XCBuildConfiguration;
			buildSettings = {
				INFOPLIST_FILE = LeisureUITests/Info.plist;
				LD_RUNPATH_SEARCH_PATHS = "$(inherited) @executable_path/Frameworks @loader_path/Frameworks";
				PRODUCT_BUNDLE_IDENTIFIER = lanou3g.com.LeisureUITests;
				PRODUCT_NAME = "$(TARGET_NAME)";
				TEST_TARGET_NAME = Leisure;
				USES_XCTRUNNER = YES;
			};
			name = Debug;
		};
		79C6AE7E1CA924F400354BBB /* Release */ = {
			isa = XCBuildConfiguration;
			buildSettings = {
				INFOPLIST_FILE = LeisureUITests/Info.plist;
				LD_RUNPATH_SEARCH_PATHS = "$(inherited) @executable_path/Frameworks @loader_path/Frameworks";
				PRODUCT_BUNDLE_IDENTIFIER = lanou3g.com.LeisureUITests;
				PRODUCT_NAME = "$(TARGET_NAME)";
				TEST_TARGET_NAME = Leisure;
				USES_XCTRUNNER = YES;
			};
			name = Release;
		};
/* End XCBuildConfiguration section */

/* Begin XCConfigurationList section */
		79C6AE441CA924F400354BBB /* Build configuration list for PBXProject "Leisure" */ = {
			isa = XCConfigurationList;
			buildConfigurations = (
				79C6AE741CA924F400354BBB /* Debug */,
				79C6AE751CA924F400354BBB /* Release */,
			);
			defaultConfigurationIsVisible = 0;
			defaultConfigurationName = Release;
		};
		79C6AE761CA924F400354BBB /* Build configuration list for PBXNativeTarget "Leisure" */ = {
			isa = XCConfigurationList;
			buildConfigurations = (
				79C6AE771CA924F400354BBB /* Debug */,
				79C6AE781CA924F400354BBB /* Release */,
			);
			defaultConfigurationIsVisible = 0;
			defaultConfigurationName = Release;
		};
		79C6AE791CA924F400354BBB /* Build configuration list for PBXNativeTarget "LeisureTests" */ = {
			isa = XCConfigurationList;
			buildConfigurations = (
				79C6AE7A1CA924F400354BBB /* Debug */,
				79C6AE7B1CA924F400354BBB /* Release */,
			);
			defaultConfigurationIsVisible = 0;
			defaultConfigurationName = Release;
		};
		79C6AE7C1CA924F400354BBB /* Build configuration list for PBXNativeTarget "LeisureUITests" */ = {
			isa = XCConfigurationList;
			buildConfigurations = (
				79C6AE7D1CA924F400354BBB /* Debug */,
				79C6AE7E1CA924F400354BBB /* Release */,
			);
			defaultConfigurationIsVisible = 0;
			defaultConfigurationName = Release;
		};
/* End XCConfigurationList section */
	};
	rootObject = 79C6AE411CA924F400354BBB /* Project object */;
}
